
Microsoft Visual Studio Solution File, Format Version 12.00
# Visual Studio Version 17
VisualStudioVersion = 17.9.34902.65
MinimumVisualStudioVersion = 10.0.40219.1
Project("{8BC9CEB8-8B4A-11D0-8D11-00A0C91BC942}") = "Project1", "Project1\Project1.vcxproj", "{5152D6EC-E2E3-4031-B788-733290B0554B}"
EndProject
Global
	GlobalSection(SolutionConfigurationPlatforms) = preSolution
		Debug|ARM64 = Debug|ARM64
		Debug|x64 = Debug|x64
		Debug|x86 = Debug|x86
		Release|ARM64 = Release|ARM64
		Release|x64 = Release|x64
		Release|x86 = Release|x86
	EndGlobalSection
	GlobalSection(ProjectConfigurationPlatforms) = postSolution
		{5152D6EC-E2E3-4031-B788-733290B0554B}.Debug|ARM64.ActiveCfg = Debug|ARM64
		{5152D6EC-E2E3-4031-B788-733290B0554B}.Debug|ARM64.Build.0 = Debug|ARM64
		{5152D6EC-E2E3-4031-B788-733290B0554B}.Debug|x64.ActiveCfg = Debug|x64
		{5152D6EC-E2E3-4031-B788-733290B0554B}.Debug|x64.Build.0 = Debug|x64
		{5152D6EC-E2E3-4031-B788-733290B0554B}.Debug|x86.ActiveCfg = Debug|Win32
		{5152D6EC-E2E3-4031-B788-733290B0554B}.Debug|x86.Build.0 = Debug|Win32
		{5152D6EC-E2E3-4031-B788-733290B0554B}.Release|ARM64.ActiveCfg = Release|ARM64
		{5152D6EC-E2E3-4031-B788-733290B0554B}.Release|ARM64.Build.0 = Release|ARM64
		{5152D6EC-E2E3-4031-B788-733290B0554B}.Release|x64.ActiveCfg = Release|x64
		{5152D6EC-E2E3-4031-B788-733290B0554B}.Release|x64.Build.0 = Release|x64
		{5152D6EC-E2E3-4031-B788-733290B0554B}.Release|x86.ActiveCfg = Release|Win32
		{5152D6EC-E2E3-4031-B788-733290B0554B}.Release|x86.Build.0 = Release|Win32
	EndGlobalSection
	GlobalSection(SolutionProperties) = preSolution
		HideSolutionNode = FALSE
	EndGlobalSection
	GlobalSection(ExtensibilityGlobals) = postSolution
		SolutionGuid = {B096FA00-E22C-40D3-869A-B11FD0301151}
	EndGlobalSection
EndGlobal
